
Microsoft Visual Studio Solution File, Format Version 12.00
# Visual Studio Version 17
VisualStudioVersion = 17.5.2.0
MinimumVisualStudioVersion = 10.0.40219.1
Project("{FAE04EC0-301F-11D3-BF4B-00C04F79EFBC}") = "YMM4LUT", "YMM4LUT/YMM4LUT.csproj", "{24174D8F-B9F5-E2EF-E7E9-35A1502BE283}"
EndProject
Global
	GlobalSection(SolutionConfigurationPlatforms) = preSolution
		Debug|Any CPU = Debug|Any CPU
		Release|Any CPU = Release|Any CPU
	EndGlobalSection
	GlobalSection(ProjectConfigurationPlatforms) = postSolution
		{24174D8F-B9F5-E2EF-E7E9-35A1502BE283}.Debug|Any CPU.ActiveCfg = Debug|Any CPU
		{24174D8F-B9F5-E2EF-E7E9-35A1502BE283}.Debug|Any CPU.Build.0 = Debug|Any CPU
		{24174D8F-B9F5-E2EF-E7E9-35A1502BE283}.Release|Any CPU.ActiveCfg = Release|Any CPU
		{24174D8F-B9F5-E2EF-E7E9-35A1502BE283}.Release|Any CPU.Build.0 = Release|Any CPU
	EndGlobalSection
	GlobalSection(SolutionProperties) = preSolution
		HideSolutionNode = FALSE
	EndGlobalSection
	GlobalSection(ExtensibilityGlobals) = postSolution
		SolutionGuid = {08532AA0-2E85-451F-85B9-08B4B3D7C635}
	EndGlobalSection
EndGlobal
